// !$*UTF8*$!
{
	archiveVersion = 1;
	classes = {
	};
	objectVersion = 46;
	objects = {

/* Begin PBXBuildFile section */
		BA701A031D342870002B856E /* AppDelegate.swift in Sources */ = {isa = PBXBuildFile; fileRef = BA701A021D342870002B856E /* AppDelegate.swift */; };
		BA701A051D342870002B856E /* ViewController.swift in Sources */ = {isa = PBXBuildFile; fileRef = BA701A041D342870002B856E /* ViewController.swift */; };
		BA701A081D342870002B856E /* Main.storyboard in Resources */ = {isa = PBXBuildFile; fileRef = BA701A061D342870002B856E /* Main.storyboard */; };
		BA701A0A1D342870002B856E /* Assets.xcassets in Resources */ = {isa = PBXBuildFile; fileRef = BA701A091D342870002B856E /* Assets.xcassets */; };
		BA701A0D1D342870002B856E /* LaunchScreen.storyboard in Resources */ = {isa = PBXBuildFile; fileRef = BA701A0B1D342870002B856E /* LaunchScreen.storyboard */; };
		BA701A171D344F4C002B856E /* JSON.swift in Sources */ = {isa = PBXBuildFile; fileRef = BA701A151D344F4C002B856E /* JSON.swift */; };
		BA701A181D344F4C002B856E /* PublicArt.json in Resources */ = {isa = PBXBuildFile; fileRef = BA701A161D344F4C002B856E /* PublicArt.json */; };
		BA701A1A1D345078002B856E /* Artwork.swift in Sources */ = {isa = PBXBuildFile; fileRef = BA701A191D345078002B856E /* Artwork.swift */; };
		BA701A1C1D345650002B856E /* VCMapView.swift in Sources */ = {isa = PBXBuildFile; fileRef = BA701A1B1D345650002B856E /* VCMapView.swift */; };
/* End PBXBuildFile section */

/* Begin PBXFileReference section */
		BA7019FF1D342870002B856E /* HonoluluArt.app */ = {isa = PBXFileReference; explicitFileType = wrapper.application; includeInIndex = 0; path = HonoluluArt.app; sourceTree = BUILT_PRODUCTS_DIR; };
		BA701A021D342870002B856E /* AppDelegate.swift */ = {isa = PBXFileReference; lastKnownFileType = sourcecode.swift; path = AppDelegate.swift; sourceTree = "<group>"; };
		BA701A041D342870002B856E /* ViewController.swift */ = {isa = PBXFileReference; lastKnownFileType = sourcecode.swift; path = ViewController.swift; sourceTree = "<group>"; };
		BA701A071D342870002B856E /* Base */ = {isa = PBXFileReference; lastKnownFileType = file.storyboard; name = Base; path = Base.lproj/Main.storyboard; sourceTree = "<group>"; };
		BA701A091D342870002B856E /* Assets.xcassets */ = {isa = PBXFileReference; lastKnownFileType = folder.assetcatalog; path = Assets.xcassets; sourceTree = "<group>"; };
		BA701A0C1D342870002B856E /* Base */ = {isa = PBXFileReference; lastKnownFileType = file.storyboard; name = Base; path = Base.lproj/LaunchScreen.storyboard; sourceTree = "<group>"; };
		BA701A0E1D342870002B856E /* Info.plist */ = {isa = PBXFileReference; lastKnownFileType = text.plist.xml; path = Info.plist; sourceTree = "<group>"; };
		BA701A151D344F4C002B856E /* JSON.swift */ = {isa = PBXFileReference; fileEncoding = 4; lastKnownFileType = sourcecode.swift; path = JSON.swift; sourceTree = "<group>"; };
		BA701A161D344F4C002B856E /* PublicArt.json */ = {isa = PBXFileReference; fileEncoding = 4; lastKnownFileType = text.json; path = PublicArt.json; sourceTree = "<group>"; };
		BA701A191D345078002B856E /* Artwork.swift */ = {isa = PBXFileReference; fileEncoding = 4; lastKnownFileType = sourcecode.swift; path = Artwork.swift; sourceTree = "<group>"; };
		BA701A1B1D345650002B856E /* VCMapView.swift */ = {isa = PBXFileReference; fileEncoding = 4; lastKnownFileType = sourcecode.swift; path = VCMapView.swift; sourceTree = "<group>"; };
/* End PBXFileReference section */

/* Begin PBXFrameworksBuildPhase section */
		BA7019FC1D342870002B856E /* Frameworks */ = {
			isa = PBXFrameworksBuildPhase;
			buildActionMask = 2147483647;
			files = (
			);
			runOnlyForDeploymentPostprocessing = 0;
		};
/* End PBXFrameworksBuildPhase section */

/* Begin PBXGroup section */
		BA7019F61D342870002B856E = {
			isa = PBXGroup;
			children = (
				BA701A011D342870002B856E /* HonoluluArt */,
				BA701A001D342870002B856E /* Products */,
			);
			sourceTree = "<group>";
		};
		BA701A001D342870002B856E /* Products */ = {
			isa = PBXGroup;
			children = (
				BA7019FF1D342870002B856E /* HonoluluArt.app */,
			);
			name = Products;
			sourceTree = "<group>";
		};
		BA701A011D342870002B856E /* HonoluluArt */ = {
			isa = PBXGroup;
			children = (
				BA701A021D342870002B856E /* AppDelegate.swift */,
				BA701A041D342870002B856E /* ViewController.swift */,
				BA701A191D345078002B856E /* Artwork.swift */,
				BA701A1B1D345650002B856E /* VCMapView.swift */,
				BA701A141D344F4C002B856E /* HonoluluArtResources */,
				BA701A061D342870002B856E /* Main.storyboard */,
				BA701A091D342870002B856E /* Assets.xcassets */,
				BA701A0B1D342870002B856E /* LaunchScreen.storyboard */,
				BA701A0E1D342870002B856E /* Info.plist */,
			);
			path = HonoluluArt;
			sourceTree = "<group>";
		};
		BA701A141D344F4C002B856E /* HonoluluArtResources */ = {
			isa = PBXGroup;
			children = (
				BA701A151D344F4C002B856E /* JSON.swift */,
				BA701A161D344F4C002B856E /* PublicArt.json */,
			);
			path = HonoluluArtResources;
			sourceTree = "<group>";
		};
/* End PBXGroup section */

/* Begin PBXNativeTarget section */
		BA7019FE1D342870002B856E /* HonoluluArt */ = {
			isa = PBXNativeTarget;
			buildConfigurationList = BA701A111D342870002B856E /* Build configuration list for PBXNativeTarget "HonoluluArt" */;
			buildPhases = (
				BA7019FB1D342870002B856E /* Sources */,
				BA7019FC1D342870002B856E /* Frameworks */,
				BA7019FD1D342870002B856E /* Resources */,
			);
			buildRules = (
			);
			dependencies = (
			);
			name = HonoluluArt;
			productName = HonoluluArt;
			productReference = BA7019FF1D342870002B856E /* HonoluluArt.app */;
			productType = "com.apple.product-type.application";
		};
/* End PBXNativeTarget section */

/* Begin PBXProject section */
		BA7019F71D342870002B856E /* Project object */ = {
			isa = PBXProject;
			attributes = {
				LastSwiftUpdateCheck = 0730;
				LastUpgradeCheck = 0730;
				ORGANIZATIONNAME = "Make School";
				TargetAttributes = {
					BA7019FE1D342870002B856E = {
						CreatedOnToolsVersion = 7.3.1;
						DevelopmentTeam = U7U96T5227;
					};
				};
			};
			buildConfigurationList = BA7019FA1D342870002B856E /* Build configuration list for PBXProject "HonoluluArt" */;
			compatibilityVersion = "Xcode 3.2";
			developmentRegion = English;
			hasScannedForEncodings = 0;
			knownRegions = (
				en,
				Base,
			);
			mainGroup = BA7019F61D342870002B856E;
			productRefGroup = BA701A001D342870002B856E /* Products */;
			projectDirPath = "";
			projectRoot = "";
			targets = (
				BA7019FE1D342870002B856E /* HonoluluArt */,
			);
		};
/* End PBXProject section */

/* Begin PBXResourcesBuildPhase section */
		BA7019FD1D342870002B856E /* Resources */ = {
			isa = PBXResourcesBuildPhase;
			buildActionMask = 2147483647;
			files = (
				BA701A181D344F4C002B856E /* PublicArt.json in Resources */,
				BA701A0D1D342870002B856E /* LaunchScreen.storyboard in Resources */,
				BA701A0A1D342870002B856E /* Assets.xcassets in Resources */,
				BA701A081D342870002B856E /* Main.storyboard in Resources */,
			);
			runOnlyForDeploymentPostprocessing = 0;
		};
/* End PBXResourcesBuildPhase section */

/* Begin PBXSourcesBuildPhase section */
		BA7019FB1D342870002B856E /* Sources */ = {
			isa = PBXSourcesBuildPhase;
			buildActionMask = 2147483647;
			files = (
				BA701A171D344F4C002B856E /* JSON.swift in Sources */,
				BA701A051D342870002B856E /* ViewController.swift in Sources */,
				BA701A1C1D345650002B856E /* VCMapView.swift in Sources */,
				BA701A1A1D345078002B856E /* Artwork.swift in Sources */,
				BA701A031D342870002B856E /* AppDelegate.swift in Sources */,
			);
			runOnlyForDeploymentPostprocessing = 0;
		};
/* End PBXSourcesBuildPhase section */

/* Begin PBXVariantGroup section */
		BA701A061D342870002B856E /* Main.storyboard */ = {
			isa = PBXVariantGroup;
			children = (
				BA701A071D342870002B856E /* Base */,
			);
			name = Main.storyboard;
			sourceTree = "<group>";
		};
		BA701A0B1D342870002B856E /* LaunchScreen.storyboard */ = {
			isa = PBXVariantGroup;
			children = (
				BA701A0C1D342870002B856E /* Base */,
			);
			name = LaunchScreen.storyboard;
			sourceTree = "<group>";
		};
/* End PBXVariantGroup section */

/* Begin XCBuildConfiguration section */
		BA701A0F1D342870002B856E /* Debug */ = {
			isa = XCBuildConfiguration;
			buildSettings = {
				ALWAYS_SEARCH_USER_PATHS = NO;
				CLANG_ANALYZER_NONNULL = YES;
				CLANG_CXX_LANGUAGE_STANDARD = "gnu++0x";
				CLANG_CXX_LIBRARY = "libc++";
				CLANG_ENABLE_MODULES = YES;
				CLANG_ENABLE_OBJC_ARC = YES;
				CLANG_WARN_BOOL_CONVERSION = YES;
				CLANG_WARN_CONSTANT_CONVERSION = YES;
				CLANG_WARN_DIRECT_OBJC_ISA_USAGE = YES_ERROR;
				CLANG_WARN_EMPTY_BODY = YES;
				CLANG_WARN_ENUM_CONVERSION = YES;
				CLANG_WARN_INT_CONVERSION = YES;
				CLANG_WARN_OBJC_ROOT_CLASS = YES_ERROR;
				CLANG_WARN_UNREACHABLE_CODE = YES;
				CLANG_WARN__DUPLICATE_METHOD_MATCH = YES;
				"CODE_SIGN_IDENTITY[sdk=iphoneos*]" = "iPhone Developer";
				COPY_PHASE_STRIP = NO;
				DEBUG_INFORMATION_FORMAT = dwarf;
				ENABLE_STRICT_OBJC_MSGSEND = YES;
				ENABLE_TESTABILITY = YES;
				GCC_C_LANGUAGE_STANDARD = gnu99;
				GCC_DYNAMIC_NO_PIC = NO;
				GCC_NO_COMMON_BLOCKS = YES;
				GCC_OPTIMIZATION_LEVEL = 0;
				GCC_PREPROCESSOR_DEFINITIONS = (
					"DEBUG=1",
					"$(inherited)",
				);
				GCC_WARN_64_TO_32_BIT_CONVERSION = YES;
				GCC_WARN_ABOUT_RETURN_TYPE = YES_ERROR;
				GCC_WARN_UNDECLARED_SELECTOR = YES;
				GCC_WARN_UNINITIALIZED_AUTOS = YES_AGGRESSIVE;
				GCC_WARN_UNUSED_FUNCTION = YES;
				GCC_WARN_UNUSED_VARIABLE = YES;
				IPHONEOS_DEPLOYMENT_TARGET = 9.3;
				MTL_ENABLE_DEBUG_INFO = YES;
				ONLY_ACTIVE_ARCH = YES;
				SDKROOT = iphoneos;
				SWIFT_OPTIMIZATION_LEVEL = "-Onone";
			};
			name = Debug;
		};
		BA701A101D342870002B856E /* Release */ = {
			isa = XCBuildConfiguration;
			buildSettings = {
				ALWAYS_SEARCH_USER_PATHS = NO;
				CLANG_ANALYZER_NONNULL = YES;
				CLANG_CXX_LANGUAGE_STANDARD = "gnu++0x";
				CLANG_CXX_LIBRARY = "libc++";
				CLANG_ENABLE_MODULES = YES;
				CLANG_ENABLE_OBJC_ARC = YES;
				CLANG_WARN_BOOL_CONVERSION = YES;
				CLANG_WARN_CONSTANT_CONVERSION = YES;
				CLANG_WARN_DIRECT_OBJC_ISA_USAGE = YES_ERROR;
				CLANG_WARN_EMPTY_BODY = YES;
				CLANG_WARN_ENUM_CONVERSION = YES;
				CLANG_WARN_INT_CONVERSION = YES;
				CLANG_WARN_OBJC_ROOT_CLASS = YES_ERROR;
				CLANG_WARN_UNREACHABLE_CODE = YES;
				CLANG_WARN__DUPLICATE_METHOD_MATCH = YES;
				"CODE_SIGN_IDENTITY[sdk=iphoneos*]" = "iPhone Developer";
				COPY_PHASE_STRIP = NO;
				DEBUG_INFORMATION_FORMAT = "dwarf-with-dsym";
				ENABLE_NS_ASSERTIONS = NO;
				ENABLE_STRICT_OBJC_MSGSEND = YES;
				GCC_C_LANGUAGE_STANDARD = gnu99;
				GCC_NO_COMMON_BLOCKS = YES;
				GCC_WARN_64_TO_32_BIT_CONVERSION = YES;
				GCC_WARN_ABOUT_RETURN_TYPE = YES_ERROR;
				GCC_WARN_UNDECLARED_SELECTOR = YES;
				GCC_WARN_UNINITIALIZED_AUTOS = YES_AGGRESSIVE;
				GCC_WARN_UNUSED_FUNCTION = YES;
				GCC_WARN_UNUSED_VARIABLE = YES;
				IPHONEOS_DEPLOYMENT_TARGET = 9.3;
				MTL_ENABLE_DEBUG_INFO = NO;
				SDKROOT = iphoneos;
				VALIDATE_PRODUCT = YES;
			};
			name = Release;
		};
		BA701A121D342870002B856E /* Debug */ = {
			isa = XCBuildConfiguration;
			buildSettings = {
				ASSETCATALOG_COMPILER_APPICON_NAME = AppIcon;
				CODE_SIGN_IDENTITY = "iPhone Developer";
				INFOPLIST_FILE = HonoluluArt/Info.plist;
				LD_RUNPATH_SEARCH_PATHS = "$(inherited) @executable_path/Frameworks";
				PRODUCT_BUNDLE_IDENTIFIER = makeschool.com.;
				PRODUCT_NAME = "$(TARGET_NAME)";
			};
			name = Debug;
		};
		BA701A131D342870002B856E /* Release */ = {
			isa = XCBuildConfiguration;
			buildSettings = {
				ASSETCATALOG_COMPILER_APPICON_NAME = AppIcon;
				CODE_SIGN_IDENTITY = "iPhone Developer";
				INFOPLIST_FILE = HonoluluArt/Info.plist;
				LD_RUNPATH_SEARCH_PATHS = "$(inherited) @executable_path/Frameworks";
				PRODUCT_BUNDLE_IDENTIFIER = makeschool.com.;
				PRODUCT_NAME = "$(TARGET_NAME)";
			};
			name = Release;
		};
/* End XCBuildConfiguration section */

/* Begin XCConfigurationList section */
		BA7019FA1D342870002B856E /* Build configuration list for PBXProject "HonoluluArt" */ = {
			isa = XCConfigurationList;
			buildConfigurations = (
				BA701A0F1D342870002B856E /* Debug */,
				BA701A101D342870002B856E /* Release */,
			);
			defaultConfigurationIsVisible = 0;
			defaultConfigurationName = Release;
		};
		BA701A111D342870002B856E /* Build configuration list for PBXNativeTarget "HonoluluArt" */ = {
			isa = XCConfigurationList;
			buildConfigurations = (
				BA701A121D342870002B856E /* Debug */,
				BA701A131D342870002B856E /* Release */,
			);
			defaultConfigurationIsVisible = 0;
		};
/* End XCConfigurationList section */
	};
	rootObject = BA7019F71D342870002B856E /* Project object */;
}
